
Microsoft Visual Studio Solution File, Format Version 12.00
# Visual Studio Version 17
VisualStudioVersion = 17.9.34622.214
MinimumVisualStudioVersion = 10.0.40219.1
Project("{FAE04EC0-301F-11D3-BF4B-00C04F79EFBC}") = "MetrosToMM", "MetrosToMM\MetrosToMM.csproj", "{32B8C667-81F1-421D-B1EB-13F455304832}"
EndProject
Project("{FAE04EC0-301F-11D3-BF4B-00C04F79EFBC}") = "MetrosTest", "MetrosTest\MetrosTest.csproj", "{5627F99B-BD7B-4840-98B3-5194A73471D0}"
EndProject
Global
	GlobalSection(SolutionConfigurationPlatforms) = preSolution
		Debug|Any CPU = Debug|Any CPU
		Release|Any CPU = Release|Any CPU
	EndGlobalSection
	GlobalSection(ProjectConfigurationPlatforms) = postSolution
		{32B8C667-81F1-421D-B1EB-13F455304832}.Debug|Any CPU.ActiveCfg = Debug|Any CPU
		{32B8C667-81F1-421D-B1EB-13F455304832}.Debug|Any CPU.Build.0 = Debug|Any CPU
		{32B8C667-81F1-421D-B1EB-13F455304832}.Release|Any CPU.ActiveCfg = Release|Any CPU
		{32B8C667-81F1-421D-B1EB-13F455304832}.Release|Any CPU.Build.0 = Release|Any CPU
		{5627F99B-BD7B-4840-98B3-5194A73471D0}.Debug|Any CPU.ActiveCfg = Debug|Any CPU
		{5627F99B-BD7B-4840-98B3-5194A73471D0}.Debug|Any CPU.Build.0 = Debug|Any CPU
		{5627F99B-BD7B-4840-98B3-5194A73471D0}.Release|Any CPU.ActiveCfg = Release|Any CPU
		{5627F99B-BD7B-4840-98B3-5194A73471D0}.Release|Any CPU.Build.0 = Release|Any CPU
	EndGlobalSection
	GlobalSection(SolutionProperties) = preSolution
		HideSolutionNode = FALSE
	EndGlobalSection
	GlobalSection(ExtensibilityGlobals) = postSolution
		SolutionGuid = {A330C1DC-3731-45FC-A3C5-046E9B4619EF}
	EndGlobalSection
EndGlobal
